
Microsoft Visual Studio Solution File, Format Version 11.00
# Visual Studio 2010
Project("{FAE04EC0-301F-11D3-BF4B-00C04F79EFBC}") = "Assembly-CSharp", "Assembly-CSharp.csproj", "{EFB519EF-3110-C48B-99C3-608ACE50654E}"
EndProject
Project("{FAE04EC0-301F-11D3-BF4B-00C04F79EFBC}") = "Assembly-CSharp-Editor", "Assembly-CSharp-Editor.csproj", "{7EC6B1AF-9AD0-6C9A-7285-67A7530AD99E}"
EndProject
Global
	GlobalSection(SolutionConfigurationPlatforms) = preSolution
		Debug|Any CPU = Debug|Any CPU
		Release|Any CPU = Release|Any CPU
	EndGlobalSection
	GlobalSection(ProjectConfigurationPlatforms) = postSolution
		{EFB519EF-3110-C48B-99C3-608ACE50654E}.Debug|Any CPU.ActiveCfg = Debug|Any CPU
		{EFB519EF-3110-C48B-99C3-608ACE50654E}.Debug|Any CPU.Build.0 = Debug|Any CPU
		{EFB519EF-3110-C48B-99C3-608ACE50654E}.Release|Any CPU.ActiveCfg = Release|Any CPU
		{EFB519EF-3110-C48B-99C3-608ACE50654E}.Release|Any CPU.Build.0 = Release|Any CPU
		{7EC6B1AF-9AD0-6C9A-7285-67A7530AD99E}.Debug|Any CPU.ActiveCfg = Debug|Any CPU
		{7EC6B1AF-9AD0-6C9A-7285-67A7530AD99E}.Debug|Any CPU.Build.0 = Debug|Any CPU
		{7EC6B1AF-9AD0-6C9A-7285-67A7530AD99E}.Release|Any CPU.ActiveCfg = Release|Any CPU
		{7EC6B1AF-9AD0-6C9A-7285-67A7530AD99E}.Release|Any CPU.Build.0 = Release|Any CPU
	EndGlobalSection
	GlobalSection(SolutionProperties) = preSolution
		HideSolutionNode = FALSE
	EndGlobalSection
EndGlobal
